# Generated by pub
# See https://dart.dev/tools/pub/glossary#lockfile
packages:
  mustache_template:
    dependency: "direct main"
    description:
      name: mustache_template
      sha256: daa42be75f2ccfb287c24a75e7ac594f2ea0b32bf9ebe7c15154aa45b2dfb2de
      url: "https://pub.dev"
    source: hosted
    version: "2.0.2"
  recase:
    dependency: "direct main"
    description:
      name: recase
      sha256: e4eb4ec2dcdee52dcf99cb4ceabaffc631d7424ee55e56f280bc039737f89213
      url: "https://pub.dev"
    source: hosted
    version: "4.1.0"
sdks:
  dart: ">=3.7.0 <4.0.0"
